# This file is generated by gogradle automatically, you should NEVER modify it manually.
---
apiVersion: "0.11.1"
dependencies:
  build:
  - urls:
    - "https://github.com/jmoiron/sqlx.git"
    - "git@github.com:jmoiron/sqlx.git"
    vcs: "git"
    name: "github.com/jmoiron/sqlx"
    commit: "82935fac6c1a317907c8f43ed3f7f85ea844a78b"
    transitive: false
  test: []
